
Microsoft Visual Studio Solution File, Format Version 12.00
# Visual Studio 15
VisualStudioVersion = 15.0.27130.2024
MinimumVisualStudioVersion = 10.0.40219.1
Project("{2150E333-8FDC-42A3-9474-1A3956D46DE8}") = "src", "src", "{365F3D50-DBAF-4B06-BDCB-6F60E4AD2418}"
EndProject
Project("{2150E333-8FDC-42A3-9474-1A3956D46DE8}") = "build", "build", "{D94E875E-7D01-432C-B44A-95BC632D3880}"
	ProjectSection(SolutionItems) = preProject
		build\common.props = build\common.props
		build\version.props = build\version.props
	EndProjectSection
EndProject
Project("{FAE04EC0-301F-11D3-BF4B-00C04F79EFBC}") = "GodSharp.Encryption", "src\GodSharp.Encryption\GodSharp.Encryption.csproj", "{EA23E6BF-07FA-4BA1-902D-B507A83458BC}"
EndProject
Project("{FAE04EC0-301F-11D3-BF4B-00C04F79EFBC}") = "GodSharp.Encryption.Test", "test\GodSharp.Encryption.Test\GodSharp.Encryption.Test.csproj", "{A552D3A1-2CCD-4B4A-8EE1-E3E721CB0FF9}"
EndProject
Project("{2150E333-8FDC-42A3-9474-1A3956D46DE8}") = "test", "test", "{FF20D902-2537-4F14-88BE-7DDAC879E7F8}"
EndProject
Global
	GlobalSection(SolutionConfigurationPlatforms) = preSolution
		Debug|Any CPU = Debug|Any CPU
		Release|Any CPU = Release|Any CPU
	EndGlobalSection
	GlobalSection(ProjectConfigurationPlatforms) = postSolution
		{EA23E6BF-07FA-4BA1-902D-B507A83458BC}.Debug|Any CPU.ActiveCfg = Debug|Any CPU
		{EA23E6BF-07FA-4BA1-902D-B507A83458BC}.Debug|Any CPU.Build.0 = Debug|Any CPU
		{EA23E6BF-07FA-4BA1-902D-B507A83458BC}.Release|Any CPU.ActiveCfg = Release|Any CPU
		{EA23E6BF-07FA-4BA1-902D-B507A83458BC}.Release|Any CPU.Build.0 = Release|Any CPU
		{A552D3A1-2CCD-4B4A-8EE1-E3E721CB0FF9}.Debug|Any CPU.ActiveCfg = Debug|Any CPU
		{A552D3A1-2CCD-4B4A-8EE1-E3E721CB0FF9}.Debug|Any CPU.Build.0 = Debug|Any CPU
		{A552D3A1-2CCD-4B4A-8EE1-E3E721CB0FF9}.Release|Any CPU.ActiveCfg = Release|Any CPU
		{A552D3A1-2CCD-4B4A-8EE1-E3E721CB0FF9}.Release|Any CPU.Build.0 = Release|Any CPU
	EndGlobalSection
	GlobalSection(SolutionProperties) = preSolution
		HideSolutionNode = FALSE
	EndGlobalSection
	GlobalSection(NestedProjects) = preSolution
		{EA23E6BF-07FA-4BA1-902D-B507A83458BC} = {365F3D50-DBAF-4B06-BDCB-6F60E4AD2418}
		{A552D3A1-2CCD-4B4A-8EE1-E3E721CB0FF9} = {FF20D902-2537-4F14-88BE-7DDAC879E7F8}
	EndGlobalSection
	GlobalSection(ExtensibilityGlobals) = postSolution
		SolutionGuid = {DB0E14D2-B1C1-4E84-B8B6-838721241758}
	EndGlobalSection
EndGlobal
